// !$*UTF8*$!
{
	archiveVersion = 1;
	classes = {
	};
	objectVersion = 56;
	objects = {

/* Begin PBXBuildFile section */
		A332A9832B9A6350005104B6 /* MovieDetailView.swift in Sources */ = {isa = PBXBuildFile; fileRef = A332A9822B9A6350005104B6 /* MovieDetailView.swift */; };
		A3925D212B87C3F6005048C9 /* movie_appApp.swift in Sources */ = {isa = PBXBuildFile; fileRef = A3925D202B87C3F6005048C9 /* movie_appApp.swift */; };
		A3925D232B87C3F6005048C9 /* ContentView.swift in Sources */ = {isa = PBXBuildFile; fileRef = A3925D222B87C3F6005048C9 /* ContentView.swift */; };
		A3925D252B87C3F8005048C9 /* Assets.xcassets in Resources */ = {isa = PBXBuildFile; fileRef = A3925D242B87C3F8005048C9 /* Assets.xcassets */; };
		A3925D282B87C3F8005048C9 /* Preview Assets.xcassets in Resources */ = {isa = PBXBuildFile; fileRef = A3925D272B87C3F8005048C9 /* Preview Assets.xcassets */; };
		A3925D322B87C3F8005048C9 /* movie_appTests.swift in Sources */ = {isa = PBXBuildFile; fileRef = A3925D312B87C3F8005048C9 /* movie_appTests.swift */; };
		A3925D3C2B87C3F8005048C9 /* movie_appUITests.swift in Sources */ = {isa = PBXBuildFile; fileRef = A3925D3B2B87C3F8005048C9 /* movie_appUITests.swift */; };
		A3925D3E2B87C3F8005048C9 /* movie_appUITestsLaunchTests.swift in Sources */ = {isa = PBXBuildFile; fileRef = A3925D3D2B87C3F8005048C9 /* movie_appUITestsLaunchTests.swift */; };
		A39AD6F02B8D0BDB00D9D44F /* TrendingCard.swift in Sources */ = {isa = PBXBuildFile; fileRef = A39AD6EF2B8D0BDB00D9D44F /* TrendingCard.swift */; };
		A39AD6F22B8D0C0200D9D44F /* TrendingResults.swift in Sources */ = {isa = PBXBuildFile; fileRef = A39AD6F12B8D0C0200D9D44F /* TrendingResults.swift */; };
		A39AD6F42B8D0C1800D9D44F /* Movie.swift in Sources */ = {isa = PBXBuildFile; fileRef = A39AD6F32B8D0C1800D9D44F /* Movie.swift */; };
		A39AD6F62B8D0C3700D9D44F /* MovieDBModelView.swift in Sources */ = {isa = PBXBuildFile; fileRef = A39AD6F52B8D0C3700D9D44F /* MovieDBModelView.swift */; };
/* End PBXBuildFile section */

/* Begin PBXContainerItemProxy section */
		A3925D2E2B87C3F8005048C9 /* PBXContainerItemProxy */ = {
			isa = PBXContainerItemProxy;
			containerPortal = A3925D152B87C3F5005048C9 /* Project object */;
			proxyType = 1;
			remoteGlobalIDString = A3925D1C2B87C3F6005048C9;
			remoteInfo = movie_app;
		};
		A3925D382B87C3F8005048C9 /* PBXContainerItemProxy */ = {
			isa = PBXContainerItemProxy;
			containerPortal = A3925D152B87C3F5005048C9 /* Project object */;
			proxyType = 1;
			remoteGlobalIDString = A3925D1C2B87C3F6005048C9;
			remoteInfo = movie_app;
		};
/* End PBXContainerItemProxy section */

/* Begin PBXFileReference section */
		A332A9822B9A6350005104B6 /* MovieDetailView.swift */ = {isa = PBXFileReference; lastKnownFileType = sourcecode.swift; path = MovieDetailView.swift; sourceTree = "<group>"; };
		A3925D1D2B87C3F6005048C9 /* movie_app.app */ = {isa = PBXFileReference; explicitFileType = wrapper.application; includeInIndex = 0; path = movie_app.app; sourceTree = BUILT_PRODUCTS_DIR; };
		A3925D202B87C3F6005048C9 /* movie_appApp.swift */ = {isa = PBXFileReference; lastKnownFileType = sourcecode.swift; path = movie_appApp.swift; sourceTree = "<group>"; };
		A3925D222B87C3F6005048C9 /* ContentView.swift */ = {isa = PBXFileReference; lastKnownFileType = sourcecode.swift; path = ContentView.swift; sourceTree = "<group>"; };
		A3925D242B87C3F8005048C9 /* Assets.xcassets */ = {isa = PBXFileReference; lastKnownFileType = folder.assetcatalog; path = Assets.xcassets; sourceTree = "<group>"; };
		A3925D272B87C3F8005048C9 /* Preview Assets.xcassets */ = {isa = PBXFileReference; lastKnownFileType = folder.assetcatalog; path = "Preview Assets.xcassets"; sourceTree = "<group>"; };
		A3925D2D2B87C3F8005048C9 /* movie_appTests.xctest */ = {isa = PBXFileReference; explicitFileType = wrapper.cfbundle; includeInIndex = 0; path = movie_appTests.xctest; sourceTree = BUILT_PRODUCTS_DIR; };
		A3925D312B87C3F8005048C9 /* movie_appTests.swift */ = {isa = PBXFileReference; lastKnownFileType = sourcecode.swift; path = movie_appTests.swift; sourceTree = "<group>"; };
		A3925D372B87C3F8005048C9 /* movie_appUITests.xctest */ = {isa = PBXFileReference; explicitFileType = wrapper.cfbundle; includeInIndex = 0; path = movie_appUITests.xctest; sourceTree = BUILT_PRODUCTS_DIR; };
		A3925D3B2B87C3F8005048C9 /* movie_appUITests.swift */ = {isa = PBXFileReference; lastKnownFileType = sourcecode.swift; path = movie_appUITests.swift; sourceTree = "<group>"; };
		A3925D3D2B87C3F8005048C9 /* movie_appUITestsLaunchTests.swift */ = {isa = PBXFileReference; lastKnownFileType = sourcecode.swift; path = movie_appUITestsLaunchTests.swift; sourceTree = "<group>"; };
		A39AD6EF2B8D0BDB00D9D44F /* TrendingCard.swift */ = {isa = PBXFileReference; lastKnownFileType = sourcecode.swift; path = TrendingCard.swift; sourceTree = "<group>"; };
		A39AD6F12B8D0C0200D9D44F /* TrendingResults.swift */ = {isa = PBXFileReference; lastKnownFileType = sourcecode.swift; path = TrendingResults.swift; sourceTree = "<group>"; };
		A39AD6F32B8D0C1800D9D44F /* Movie.swift */ = {isa = PBXFileReference; lastKnownFileType = sourcecode.swift; path = Movie.swift; sourceTree = "<group>"; };
		A39AD6F52B8D0C3700D9D44F /* MovieDBModelView.swift */ = {isa = PBXFileReference; lastKnownFileType = sourcecode.swift; path = MovieDBModelView.swift; sourceTree = "<group>"; };
/* End PBXFileReference section */

/* Begin PBXFrameworksBuildPhase section */
		A3925D1A2B87C3F6005048C9 /* Frameworks */ = {
			isa = PBXFrameworksBuildPhase;
			buildActionMask = 2147483647;
			files = (
			);
			runOnlyForDeploymentPostprocessing = 0;
		};
		A3925D2A2B87C3F8005048C9 /* Frameworks */ = {
			isa = PBXFrameworksBuildPhase;
			buildActionMask = 2147483647;
			files = (
			);
			runOnlyForDeploymentPostprocessing = 0;
		};
		A3925D342B87C3F8005048C9 /* Frameworks */ = {
			isa = PBXFrameworksBuildPhase;
			buildActionMask = 2147483647;
			files = (
			);
			runOnlyForDeploymentPostprocessing = 0;
		};
/* End PBXFrameworksBuildPhase section */

/* Begin PBXGroup section */
		A3925D142B87C3F5005048C9 = {
			isa = PBXGroup;
			children = (
				A3925D1F2B87C3F6005048C9 /* movie_app */,
				A3925D302B87C3F8005048C9 /* movie_appTests */,
				A3925D3A2B87C3F8005048C9 /* movie_appUITests */,
				A3925D1E2B87C3F6005048C9 /* Products */,
			);
			sourceTree = "<group>";
		};
		A3925D1E2B87C3F6005048C9 /* Products */ = {
			isa = PBXGroup;
			children = (
				A3925D1D2B87C3F6005048C9 /* movie_app.app */,
				A3925D2D2B87C3F8005048C9 /* movie_appTests.xctest */,
				A3925D372B87C3F8005048C9 /* movie_appUITests.xctest */,
			);
			name = Products;
			sourceTree = "<group>";
		};
		A3925D1F2B87C3F6005048C9 /* movie_app */ = {
			isa = PBXGroup;
			children = (
				A3925D202B87C3F6005048C9 /* movie_appApp.swift */,
				A332A9822B9A6350005104B6 /* MovieDetailView.swift */,
				A3925D222B87C3F6005048C9 /* ContentView.swift */,
				A39AD6F82B8D0C6100D9D44F /* view */,
				A39AD6F72B8D0C5B00D9D44F /* model */,
				A3925D242B87C3F8005048C9 /* Assets.xcassets */,
				A3925D262B87C3F8005048C9 /* Preview Content */,
			);
			path = movie_app;
			sourceTree = "<group>";
		};
		A3925D262B87C3F8005048C9 /* Preview Content */ = {
			isa = PBXGroup;
			children = (
				A3925D272B87C3F8005048C9 /* Preview Assets.xcassets */,
			);
			path = "Preview Content";
			sourceTree = "<group>";
		};
		A3925D302B87C3F8005048C9 /* movie_appTests */ = {
			isa = PBXGroup;
			children = (
				A3925D312B87C3F8005048C9 /* movie_appTests.swift */,
			);
			path = movie_appTests;
			sourceTree = "<group>";
		};
		A3925D3A2B87C3F8005048C9 /* movie_appUITests */ = {
			isa = PBXGroup;
			children = (
				A3925D3B2B87C3F8005048C9 /* movie_appUITests.swift */,
				A3925D3D2B87C3F8005048C9 /* movie_appUITestsLaunchTests.swift */,
			);
			path = movie_appUITests;
			sourceTree = "<group>";
		};
		A39AD6F72B8D0C5B00D9D44F /* model */ = {
			isa = PBXGroup;
			children = (
				A39AD6F12B8D0C0200D9D44F /* TrendingResults.swift */,
				A39AD6F52B8D0C3700D9D44F /* MovieDBModelView.swift */,
				A39AD6F32B8D0C1800D9D44F /* Movie.swift */,
			);
			path = model;
			sourceTree = "<group>";
		};
		A39AD6F82B8D0C6100D9D44F /* view */ = {
			isa = PBXGroup;
			children = (
				A39AD6EF2B8D0BDB00D9D44F /* TrendingCard.swift */,
			);
			path = view;
			sourceTree = "<group>";
		};
/* End PBXGroup section */

/* Begin PBXNativeTarget section */
		A3925D1C2B87C3F6005048C9 /* movie_app */ = {
			isa = PBXNativeTarget;
			buildConfigurationList = A3925D412B87C3F8005048C9 /* Build configuration list for PBXNativeTarget "movie_app" */;
			buildPhases = (
				A3925D192B87C3F6005048C9 /* Sources */,
				A3925D1A2B87C3F6005048C9 /* Frameworks */,
				A3925D1B2B87C3F6005048C9 /* Resources */,
			);
			buildRules = (
			);
			dependencies = (
			);
			name = movie_app;
			productName = movie_app;
			productReference = A3925D1D2B87C3F6005048C9 /* movie_app.app */;
			productType = "com.apple.product-type.application";
		};
		A3925D2C2B87C3F8005048C9 /* movie_appTests */ = {
			isa = PBXNativeTarget;
			buildConfigurationList = A3925D442B87C3F8005048C9 /* Build configuration list for PBXNativeTarget "movie_appTests" */;
			buildPhases = (
				A3925D292B87C3F8005048C9 /* Sources */,
				A3925D2A2B87C3F8005048C9 /* Frameworks */,
				A3925D2B2B87C3F8005048C9 /* Resources */,
			);
			buildRules = (
			);
			dependencies = (
				A3925D2F2B87C3F8005048C9 /* PBXTargetDependency */,
			);
			name = movie_appTests;
			productName = movie_appTests;
			productReference = A3925D2D2B87C3F8005048C9 /* movie_appTests.xctest */;
			productType = "com.apple.product-type.bundle.unit-test";
		};
		A3925D362B87C3F8005048C9 /* movie_appUITests */ = {
			isa = PBXNativeTarget;
			buildConfigurationList = A3925D472B87C3F8005048C9 /* Build configuration list for PBXNativeTarget "movie_appUITests" */;
			buildPhases = (
				A3925D332B87C3F8005048C9 /* Sources */,
				A3925D342B87C3F8005048C9 /* Frameworks */,
				A3925D352B87C3F8005048C9 /* Resources */,
			);
			buildRules = (
			);
			dependencies = (
				A3925D392B87C3F8005048C9 /* PBXTargetDependency */,
			);
			name = movie_appUITests;
			productName = movie_appUITests;
			productReference = A3925D372B87C3F8005048C9 /* movie_appUITests.xctest */;
			productType = "com.apple.product-type.bundle.ui-testing";
		};
/* End PBXNativeTarget section */

/* Begin PBXProject section */
		A3925D152B87C3F5005048C9 /* Project object */ = {
			isa = PBXProject;
			attributes = {
				BuildIndependentTargetsInParallel = 1;
				LastSwiftUpdateCheck = 1520;
				LastUpgradeCheck = 1520;
				TargetAttributes = {
					A3925D1C2B87C3F6005048C9 = {
						CreatedOnToolsVersion = 15.2;
					};
					A3925D2C2B87C3F8005048C9 = {
						CreatedOnToolsVersion = 15.2;
						TestTargetID = A3925D1C2B87C3F6005048C9;
					};
					A3925D362B87C3F8005048C9 = {
						CreatedOnToolsVersion = 15.2;
						TestTargetID = A3925D1C2B87C3F6005048C9;
					};
				};
			};
			buildConfigurationList = A3925D182B87C3F5005048C9 /* Build configuration list for PBXProject "movie_app" */;
			compatibilityVersion = "Xcode 14.0";
			developmentRegion = en;
			hasScannedForEncodings = 0;
			knownRegions = (
				en,
				Base,
			);
			mainGroup = A3925D142B87C3F5005048C9;
			productRefGroup = A3925D1E2B87C3F6005048C9 /* Products */;
			projectDirPath = "";
			projectRoot = "";
			targets = (
				A3925D1C2B87C3F6005048C9 /* movie_app */,
				A3925D2C2B87C3F8005048C9 /* movie_appTests */,
				A3925D362B87C3F8005048C9 /* movie_appUITests */,
			);
		};
/* End PBXProject section */

/* Begin PBXResourcesBuildPhase section */
		A3925D1B2B87C3F6005048C9 /* Resources */ = {
			isa = PBXResourcesBuildPhase;
			buildActionMask = 2147483647;
			files = (
				A3925D282B87C3F8005048C9 /* Preview Assets.xcassets in Resources */,
				A3925D252B87C3F8005048C9 /* Assets.xcassets in Resources */,
			);
			runOnlyForDeploymentPostprocessing = 0;
		};
		A3925D2B2B87C3F8005048C9 /* Resources */ = {
			isa = PBXResourcesBuildPhase;
			buildActionMask = 2147483647;
			files = (
			);
			runOnlyForDeploymentPostprocessing = 0;
		};
		A3925D352B87C3F8005048C9 /* Resources */ = {
			isa = PBXResourcesBuildPhase;
			buildActionMask = 2147483647;
			files = (
			);
			runOnlyForDeploymentPostprocessing = 0;
		};
/* End PBXResourcesBuildPhase section */

/* Begin PBXSourcesBuildPhase section */
		A3925D192B87C3F6005048C9 /* Sources */ = {
			isa = PBXSourcesBuildPhase;
			buildActionMask = 2147483647;
			files = (
				A39AD6F02B8D0BDB00D9D44F /* TrendingCard.swift in Sources */,
				A39AD6F22B8D0C0200D9D44F /* TrendingResults.swift in Sources */,
				A332A9832B9A6350005104B6 /* MovieDetailView.swift in Sources */,
				A39AD6F42B8D0C1800D9D44F /* Movie.swift in Sources */,
				A3925D232B87C3F6005048C9 /* ContentView.swift in Sources */,
				A3925D212B87C3F6005048C9 /* movie_appApp.swift in Sources */,
				A39AD6F62B8D0C3700D9D44F /* MovieDBModelView.swift in Sources */,
			);
			runOnlyForDeploymentPostprocessing = 0;
		};
		A3925D292B87C3F8005048C9 /* Sources */ = {
			isa = PBXSourcesBuildPhase;
			buildActionMask = 2147483647;
			files = (
				A3925D322B87C3F8005048C9 /* movie_appTests.swift in Sources */,
			);
			runOnlyForDeploymentPostprocessing = 0;
		};
		A3925D332B87C3F8005048C9 /* Sources */ = {
			isa = PBXSourcesBuildPhase;
			buildActionMask = 2147483647;
			files = (
				A3925D3C2B87C3F8005048C9 /* movie_appUITests.swift in Sources */,
				A3925D3E2B87C3F8005048C9 /* movie_appUITestsLaunchTests.swift in Sources */,
			);
			runOnlyForDeploymentPostprocessing = 0;
		};
/* End PBXSourcesBuildPhase section */

/* Begin PBXTargetDependency section */
		A3925D2F2B87C3F8005048C9 /* PBXTargetDependency */ = {
			isa = PBXTargetDependency;
			target = A3925D1C2B87C3F6005048C9 /* movie_app */;
			targetProxy = A3925D2E2B87C3F8005048C9 /* PBXContainerItemProxy */;
		};
		A3925D392B87C3F8005048C9 /* PBXTargetDependency */ = {
			isa = PBXTargetDependency;
			target = A3925D1C2B87C3F6005048C9 /* movie_app */;
			targetProxy = A3925D382B87C3F8005048C9 /* PBXContainerItemProxy */;
		};
/* End PBXTargetDependency section */

/* Begin XCBuildConfiguration section */
		A3925D3F2B87C3F8005048C9 /* Debug */ = {
			isa = XCBuildConfiguration;
			buildSettings = {
				ALWAYS_SEARCH_USER_PATHS = NO;
				ASSETCATALOG_COMPILER_GENERATE_SWIFT_ASSET_SYMBOL_EXTENSIONS = YES;
				CLANG_ANALYZER_NONNULL = YES;
				CLANG_ANALYZER_NUMBER_OBJECT_CONVERSION = YES_AGGRESSIVE;
				CLANG_CXX_LANGUAGE_STANDARD = "gnu++20";
				CLANG_ENABLE_MODULES = YES;
				CLANG_ENABLE_OBJC_ARC = YES;
				CLANG_ENABLE_OBJC_WEAK = YES;
				CLANG_WARN_BLOCK_CAPTURE_AUTORELEASING = YES;
				CLANG_WARN_BOOL_CONVERSION = YES;
				CLANG_WARN_COMMA = YES;
				CLANG_WARN_CONSTANT_CONVERSION = YES;
				CLANG_WARN_DEPRECATED_OBJC_IMPLEMENTATIONS = YES;
				CLANG_WARN_DIRECT_OBJC_ISA_USAGE = YES_ERROR;
				CLANG_WARN_DOCUMENTATION_COMMENTS = YES;
				CLANG_WARN_EMPTY_BODY = YES;
				CLANG_WARN_ENUM_CONVERSION = YES;
				CLANG_WARN_INFINITE_RECURSION = YES;
				CLANG_WARN_INT_CONVERSION = YES;
				CLANG_WARN_NON_LITERAL_NULL_CONVERSION = YES;
				CLANG_WARN_OBJC_IMPLICIT_RETAIN_SELF = YES;
				CLANG_WARN_OBJC_LITERAL_CONVERSION = YES;
				CLANG_WARN_OBJC_ROOT_CLASS = YES_ERROR;
				CLANG_WARN_QUOTED_INCLUDE_IN_FRAMEWORK_HEADER = YES;
				CLANG_WARN_RANGE_LOOP_ANALYSIS = YES;
				CLANG_WARN_STRICT_PROTOTYPES = YES;
				CLANG_WARN_SUSPICIOUS_MOVE = YES;
				CLANG_WARN_UNGUARDED_AVAILABILITY = YES_AGGRESSIVE;
				CLANG_WARN_UNREACHABLE_CODE = YES;
				CLANG_WARN__DUPLICATE_METHOD_MATCH = YES;
				COPY_PHASE_STRIP = NO;
				DEBUG_INFORMATION_FORMAT = dwarf;
				ENABLE_STRICT_OBJC_MSGSEND = YES;
				ENABLE_TESTABILITY = YES;
				ENABLE_USER_SCRIPT_SANDBOXING = YES;
				GCC_C_LANGUAGE_STANDARD = gnu17;
				GCC_DYNAMIC_NO_PIC = NO;
				GCC_NO_COMMON_BLOCKS = YES;
				GCC_OPTIMIZATION_LEVEL = 0;
				GCC_PREPROCESSOR_DEFINITIONS = (
					"DEBUG=1",
					"$(inherited)",
				);
				GCC_WARN_64_TO_32_BIT_CONVERSION = YES;
				GCC_WARN_ABOUT_RETURN_TYPE = YES_ERROR;
				GCC_WARN_UNDECLARED_SELECTOR = YES;
				GCC_WARN_UNINITIALIZED_AUTOS = YES_AGGRESSIVE;
				GCC_WARN_UNUSED_FUNCTION = YES;
				GCC_WARN_UNUSED_VARIABLE = YES;
				IPHONEOS_DEPLOYMENT_TARGET = 17.2;
				LOCALIZATION_PREFERS_STRING_CATALOGS = YES;
				MTL_ENABLE_DEBUG_INFO = INCLUDE_SOURCE;
				MTL_FAST_MATH = YES;
				ONLY_ACTIVE_ARCH = YES;
				SDKROOT = iphoneos;
				SWIFT_ACTIVE_COMPILATION_CONDITIONS = "DEBUG $(inherited)";
				SWIFT_OPTIMIZATION_LEVEL = "-Onone";
			};
			name = Debug;
		};
		A3925D402B87C3F8005048C9 /* Release */ = {
			isa = XCBuildConfiguration;
			buildSettings = {
				ALWAYS_SEARCH_USER_PATHS = NO;
				ASSETCATALOG_COMPILER_GENERATE_SWIFT_ASSET_SYMBOL_EXTENSIONS = YES;
				CLANG_ANALYZER_NONNULL = YES;
				CLANG_ANALYZER_NUMBER_OBJECT_CONVERSION = YES_AGGRESSIVE;
				CLANG_CXX_LANGUAGE_STANDARD = "gnu++20";
				CLANG_ENABLE_MODULES = YES;
				CLANG_ENABLE_OBJC_ARC = YES;
				CLANG_ENABLE_OBJC_WEAK = YES;
				CLANG_WARN_BLOCK_CAPTURE_AUTORELEASING = YES;
				CLANG_WARN_BOOL_CONVERSION = YES;
				CLANG_WARN_COMMA = YES;
				CLANG_WARN_CONSTANT_CONVERSION = YES;
				CLANG_WARN_DEPRECATED_OBJC_IMPLEMENTATIONS = YES;
				CLANG_WARN_DIRECT_OBJC_ISA_USAGE = YES_ERROR;
				CLANG_WARN_DOCUMENTATION_COMMENTS = YES;
				CLANG_WARN_EMPTY_BODY = YES;
				CLANG_WARN_ENUM_CONVERSION = YES;
				CLANG_WARN_INFINITE_RECURSION = YES;
				CLANG_WARN_INT_CONVERSION = YES;
				CLANG_WARN_NON_LITERAL_NULL_CONVERSION = YES;
				CLANG_WARN_OBJC_IMPLICIT_RETAIN_SELF = YES;
				CLANG_WARN_OBJC_LITERAL_CONVERSION = YES;
				CLANG_WARN_OBJC_ROOT_CLASS = YES_ERROR;
				CLANG_WARN_QUOTED_INCLUDE_IN_FRAMEWORK_HEADER = YES;
				CLANG_WARN_RANGE_LOOP_ANALYSIS = YES;
				CLANG_WARN_STRICT_PROTOTYPES = YES;
				CLANG_WARN_SUSPICIOUS_MOVE = YES;
				CLANG_WARN_UNGUARDED_AVAILABILITY = YES_AGGRESSIVE;
				CLANG_WARN_UNREACHABLE_CODE = YES;
				CLANG_WARN__DUPLICATE_METHOD_MATCH = YES;
				COPY_PHASE_STRIP = NO;
				DEBUG_INFORMATION_FORMAT = "dwarf-with-dsym";
				ENABLE_NS_ASSERTIONS = NO;
				ENABLE_STRICT_OBJC_MSGSEND = YES;
				ENABLE_USER_SCRIPT_SANDBOXING = YES;
				GCC_C_LANGUAGE_STANDARD = gnu17;
				GCC_NO_COMMON_BLOCKS = YES;
				GCC_WARN_64_TO_32_BIT_CONVERSION = YES;
				GCC_WARN_ABOUT_RETURN_TYPE = YES_ERROR;
				GCC_WARN_UNDECLARED_SELECTOR = YES;
				GCC_WARN_UNINITIALIZED_AUTOS = YES_AGGRESSIVE;
				GCC_WARN_UNUSED_FUNCTION = YES;
				GCC_WARN_UNUSED_VARIABLE = YES;
				IPHONEOS_DEPLOYMENT_TARGET = 17.2;
				LOCALIZATION_PREFERS_STRING_CATALOGS = YES;
				MTL_ENABLE_DEBUG_INFO = NO;
				MTL_FAST_MATH = YES;
				SDKROOT = iphoneos;
				SWIFT_COMPILATION_MODE = wholemodule;
				VALIDATE_PRODUCT = YES;
			};
			name = Release;
		};
		A3925D422B87C3F8005048C9 /* Debug */ = {
			isa = XCBuildConfiguration;
			buildSettings = {
				ASSETCATALOG_COMPILER_APPICON_NAME = AppIcon;
				ASSETCATALOG_COMPILER_GLOBAL_ACCENT_COLOR_NAME = AccentColor;
				CODE_SIGN_STYLE = Automatic;
				CURRENT_PROJECT_VERSION = 1;
				DEVELOPMENT_ASSET_PATHS = "\"movie_app/Preview Content\"";
				DEVELOPMENT_TEAM = 5MM3Y3BU99;
				ENABLE_PREVIEWS = YES;
				GENERATE_INFOPLIST_FILE = YES;
				INFOPLIST_KEY_UIApplicationSceneManifest_Generation = YES;
				INFOPLIST_KEY_UIApplicationSupportsIndirectInputEvents = YES;
				INFOPLIST_KEY_UILaunchScreen_Generation = YES;
				INFOPLIST_KEY_UISupportedInterfaceOrientations_iPad = "UIInterfaceOrientationPortrait UIInterfaceOrientationPortraitUpsideDown UIInterfaceOrientationLandscapeLeft UIInterfaceOrientationLandscapeRight";
				INFOPLIST_KEY_UISupportedInterfaceOrientations_iPhone = "UIInterfaceOrientationPortrait UIInterfaceOrientationLandscapeLeft UIInterfaceOrientationLandscapeRight";
				LD_RUNPATH_SEARCH_PATHS = (
					"$(inherited)",
					"@executable_path/Frameworks",
				);
				MARKETING_VERSION = 1.0;
				PRODUCT_BUNDLE_IDENTIFIER = "com.sagredina.movie-app.movie-app";
				PRODUCT_NAME = "$(TARGET_NAME)";
				SWIFT_EMIT_LOC_STRINGS = YES;
				SWIFT_VERSION = 5.0;
				TARGETED_DEVICE_FAMILY = "1,2";
			};
			name = Debug;
		};
		A3925D432B87C3F8005048C9 /* Release */ = {
			isa = XCBuildConfiguration;
			buildSettings = {
				ASSETCATALOG_COMPILER_APPICON_NAME = AppIcon;
				ASSETCATALOG_COMPILER_GLOBAL_ACCENT_COLOR_NAME = AccentColor;
				CODE_SIGN_STYLE = Automatic;
				CURRENT_PROJECT_VERSION = 1;
				DEVELOPMENT_ASSET_PATHS = "\"movie_app/Preview Content\"";
				DEVELOPMENT_TEAM = 5MM3Y3BU99;
				ENABLE_PREVIEWS = YES;
				GENERATE_INFOPLIST_FILE = YES;
				INFOPLIST_KEY_UIApplicationSceneManifest_Generation = YES;
				INFOPLIST_KEY_UIApplicationSupportsIndirectInputEvents = YES;
				INFOPLIST_KEY_UILaunchScreen_Generation = YES;
				INFOPLIST_KEY_UISupportedInterfaceOrientations_iPad = "UIInterfaceOrientationPortrait UIInterfaceOrientationPortraitUpsideDown UIInterfaceOrientationLandscapeLeft UIInterfaceOrientationLandscapeRight";
				INFOPLIST_KEY_UISupportedInterfaceOrientations_iPhone = "UIInterfaceOrientationPortrait UIInterfaceOrientationLandscapeLeft UIInterfaceOrientationLandscapeRight";
				LD_RUNPATH_SEARCH_PATHS = (
					"$(inherited)",
					"@executable_path/Frameworks",
				);
				MARKETING_VERSION = 1.0;
				PRODUCT_BUNDLE_IDENTIFIER = "com.sagredina.movie-app.movie-app";
				PRODUCT_NAME = "$(TARGET_NAME)";
				SWIFT_EMIT_LOC_STRINGS = YES;
				SWIFT_VERSION = 5.0;
				TARGETED_DEVICE_FAMILY = "1,2";
			};
			name = Release;
		};
		A3925D452B87C3F8005048C9 /* Debug */ = {
			isa = XCBuildConfiguration;
			buildSettings = {
				ALWAYS_EMBED_SWIFT_STANDARD_LIBRARIES = YES;
				BUNDLE_LOADER = "$(TEST_HOST)";
				CODE_SIGN_STYLE = Automatic;
				CURRENT_PROJECT_VERSION = 1;
				DEVELOPMENT_TEAM = 5MM3Y3BU99;
				GENERATE_INFOPLIST_FILE = YES;
				IPHONEOS_DEPLOYMENT_TARGET = 17.2;
				MARKETING_VERSION = 1.0;
				PRODUCT_BUNDLE_IDENTIFIER = "com.sagredina.movie-app.movie-appTests";
				PRODUCT_NAME = "$(TARGET_NAME)";
				SWIFT_EMIT_LOC_STRINGS = NO;
				SWIFT_VERSION = 5.0;
				TARGETED_DEVICE_FAMILY = "1,2";
				TEST_HOST = "$(BUILT_PRODUCTS_DIR)/movie_app.app/$(BUNDLE_EXECUTABLE_FOLDER_PATH)/movie_app";
			};
			name = Debug;
		};
		A3925D462B87C3F8005048C9 /* Release */ = {
			isa = XCBuildConfiguration;
			buildSettings = {
				ALWAYS_EMBED_SWIFT_STANDARD_LIBRARIES = YES;
				BUNDLE_LOADER = "$(TEST_HOST)";
				CODE_SIGN_STYLE = Automatic;
				CURRENT_PROJECT_VERSION = 1;
				DEVELOPMENT_TEAM = 5MM3Y3BU99;
				GENERATE_INFOPLIST_FILE = YES;
				IPHONEOS_DEPLOYMENT_TARGET = 17.2;
				MARKETING_VERSION = 1.0;
				PRODUCT_BUNDLE_IDENTIFIER = "com.sagredina.movie-app.movie-appTests";
				PRODUCT_NAME = "$(TARGET_NAME)";
				SWIFT_EMIT_LOC_STRINGS = NO;
				SWIFT_VERSION = 5.0;
				TARGETED_DEVICE_FAMILY = "1,2";
				TEST_HOST = "$(BUILT_PRODUCTS_DIR)/movie_app.app/$(BUNDLE_EXECUTABLE_FOLDER_PATH)/movie_app";
			};
			name = Release;
		};
		A3925D482B87C3F8005048C9 /* Debug */ = {
			isa = XCBuildConfiguration;
			buildSettings = {
				ALWAYS_EMBED_SWIFT_STANDARD_LIBRARIES = YES;
				CODE_SIGN_STYLE = Automatic;
				CURRENT_PROJECT_VERSION = 1;
				DEVELOPMENT_TEAM = 5MM3Y3BU99;
				GENERATE_INFOPLIST_FILE = YES;
				MARKETING_VERSION = 1.0;
				PRODUCT_BUNDLE_IDENTIFIER = "com.sagredina.movie-app.movie-appUITests";
				PRODUCT_NAME = "$(TARGET_NAME)";
				SWIFT_EMIT_LOC_STRINGS = NO;
				SWIFT_VERSION = 5.0;
				TARGETED_DEVICE_FAMILY = "1,2";
				TEST_TARGET_NAME = movie_app;
			};
			name = Debug;
		};
		A3925D492B87C3F8005048C9 /* Release */ = {
			isa = XCBuildConfiguration;
			buildSettings = {
				ALWAYS_EMBED_SWIFT_STANDARD_LIBRARIES = YES;
				CODE_SIGN_STYLE = Automatic;
				CURRENT_PROJECT_VERSION = 1;
				DEVELOPMENT_TEAM = 5MM3Y3BU99;
				GENERATE_INFOPLIST_FILE = YES;
				MARKETING_VERSION = 1.0;
				PRODUCT_BUNDLE_IDENTIFIER = "com.sagredina.movie-app.movie-appUITests";
				PRODUCT_NAME = "$(TARGET_NAME)";
				SWIFT_EMIT_LOC_STRINGS = NO;
				SWIFT_VERSION = 5.0;
				TARGETED_DEVICE_FAMILY = "1,2";
				TEST_TARGET_NAME = movie_app;
			};
			name = Release;
		};
/* End XCBuildConfiguration section */

/* Begin XCConfigurationList section */
		A3925D182B87C3F5005048C9 /* Build configuration list for PBXProject "movie_app" */ = {
			isa = XCConfigurationList;
			buildConfigurations = (
				A3925D3F2B87C3F8005048C9 /* Debug */,
				A3925D402B87C3F8005048C9 /* Release */,
			);
			defaultConfigurationIsVisible = 0;
			defaultConfigurationName = Release;
		};
		A3925D412B87C3F8005048C9 /* Build configuration list for PBXNativeTarget "movie_app" */ = {
			isa = XCConfigurationList;
			buildConfigurations = (
				A3925D422B87C3F8005048C9 /* Debug */,
				A3925D432B87C3F8005048C9 /* Release */,
			);
			defaultConfigurationIsVisible = 0;
			defaultConfigurationName = Release;
		};
		A3925D442B87C3F8005048C9 /* Build configuration list for PBXNativeTarget "movie_appTests" */ = {
			isa = XCConfigurationList;
			buildConfigurations = (
				A3925D452B87C3F8005048C9 /* Debug */,
				A3925D462B87C3F8005048C9 /* Release */,
			);
			defaultConfigurationIsVisible = 0;
			defaultConfigurationName = Release;
		};
		A3925D472B87C3F8005048C9 /* Build configuration list for PBXNativeTarget "movie_appUITests" */ = {
			isa = XCConfigurationList;
			buildConfigurations = (
				A3925D482B87C3F8005048C9 /* Debug */,
				A3925D492B87C3F8005048C9 /* Release */,
			);
			defaultConfigurationIsVisible = 0;
			defaultConfigurationName = Release;
		};
/* End XCConfigurationList section */
	};
	rootObject = A3925D152B87C3F5005048C9 /* Project object */;
}
